[[package]]
name = "case"
version = "0.1.2"
description = "String case conversion, identification and parsing"
category = "main"
optional = false
python-versions = "^3.8"
develop = false

[package.source]
type = "git"
url = "https://github.com/tombulled/case.git"
reference = "dev"
resolved_reference = "92daff1b845874026fc6f46332a2d5935a7c15f0"

[[package]]
name = "export"
version = "0.1.0"
description = ""
category = "main"
optional = false
python-versions = "^3.8"
develop = false

[package.source]
type = "git"
url = "https://github.com/tombulled/export.git"
reference = "dev"
resolved_reference = "602e0257fe61d8e96f5a745fa7f5818293ab257b"

[metadata]
lock-version = "1.1"
python-versions = "^3.8"
content-hash = "9f8a3c52771bd8d22cf7a73097050e226049a06a16ff205c2efed1ffda9151b8"

[metadata.files]
case = []
export = []
